
Microsoft Visual Studio Solution File, Format Version 12.00
# Visual Studio Version 16
VisualStudioVersion = 16.0.29025.244
MinimumVisualStudioVersion = 10.0.40219.1
Project("{FAE04EC0-301F-11D3-BF4B-00C04F79EFBC}") = "Client", "Client\Client.csproj", "{C849E3C6-761C-433D-BC8C-56A2768423AF}"
EndProject
Project("{FAE04EC0-301F-11D3-BF4B-00C04F79EFBC}") = "Server", "Server\Server.csproj", "{9E3F85D5-3AFB-4059-961B-5EB2BECFDC11}"
EndProject
Global
	GlobalSection(SolutionConfigurationPlatforms) = preSolution
		Debug|Any CPU = Debug|Any CPU
		Release|Any CPU = Release|Any CPU
	EndGlobalSection
	GlobalSection(ProjectConfigurationPlatforms) = postSolution
		{C849E3C6-761C-433D-BC8C-56A2768423AF}.Debug|Any CPU.ActiveCfg = Debug|Any CPU
		{C849E3C6-761C-433D-BC8C-56A2768423AF}.Debug|Any CPU.Build.0 = Debug|Any CPU
		{C849E3C6-761C-433D-BC8C-56A2768423AF}.Release|Any CPU.ActiveCfg = Release|Any CPU
		{C849E3C6-761C-433D-BC8C-56A2768423AF}.Release|Any CPU.Build.0 = Release|Any CPU
		{9E3F85D5-3AFB-4059-961B-5EB2BECFDC11}.Debug|Any CPU.ActiveCfg = Debug|Any CPU
		{9E3F85D5-3AFB-4059-961B-5EB2BECFDC11}.Debug|Any CPU.Build.0 = Debug|Any CPU
		{9E3F85D5-3AFB-4059-961B-5EB2BECFDC11}.Release|Any CPU.ActiveCfg = Release|Any CPU
		{9E3F85D5-3AFB-4059-961B-5EB2BECFDC11}.Release|Any CPU.Build.0 = Release|Any CPU
	EndGlobalSection
	GlobalSection(SolutionProperties) = preSolution
		HideSolutionNode = FALSE
	EndGlobalSection
	GlobalSection(ExtensibilityGlobals) = postSolution
		SolutionGuid = {7ED669E5-B3EB-4750-B2D3-D4C0CDCDEDC0}
	EndGlobalSection
EndGlobal
